{
  "version": 4,
  "terraform_version": "0.12.18",
  "serial": 8,
  "lineage": "71b106be-f4b7-d079-af9d-2206c273e768",
  "outputs": {
    "container_name": {
      "value": "var.container_name",
      "type": "string"
    }
  },
  "resources": [
    {
      "mode": "managed",
      "type": "docker_image",
      "name": "image_id",
      "provider": "provider.docker",
      "instances": [
        {
          "schema_version": 0,
          "attributes": {
            "id": "sha256:a3fced6c343c6d354ea4dd99d38bfb0b17b78d4e1ad9d4931359dbd1899e37e6ghost:latest",
            "keep_locally": null,
            "latest": "sha256:a3fced6c343c6d354ea4dd99d38bfb0b17b78d4e1ad9d4931359dbd1899e37e6",
            "name": "ghost:latest",
            "pull_trigger": null,
            "pull_triggers": null
          },
          "private": "bnVsbA=="
        }
      ]
    }
  ]
}
